<?xml version="1.0" encoding="utf-8"?>
<Project ToolsVersion="4.0" xmlns="http://schemas.microsoft.com/developer/msbuild/2003">
  <ItemGroup>
    <Filter Include="Source Files">
      <UniqueIdentifier>{4FC737F1-C7A5-4376-A066-2A32D752A2FF}</UniqueIdentifier>
      <Extensions>cpp;c;cc;cxx;def;odl;idl;hpj;bat;asm;asmx</Extensions>
    </Filter>
    <Filter Include="Header Files">
      <UniqueIdentifier>{93995380-89BD-4b04-88EB-625FBE52EBFB}</UniqueIdentifier>
      <Extensions>h;hh;hpp;hxx;hm;inl;inc;ipp;xsd</Extensions>
    </Filter>
    <Filter Include="Resource Files">
      <UniqueIdentifier>{67DA6AB6-F800-4c08-8B7A-83BB121AAD01}</UniqueIdentifier>
      <Extensions>rc;ico;cur;bmp;dlg;rc2;rct;bin;rgs;gif;jpg;jpeg;jpe;resx;tiff;tif;png;wav;mfcribbon-ms</Extensions>
    </Filter>
    <Filter Include="Header Files\Header">
      <UniqueIdentifier>{851fe52f-d8bd-49e3-8fb6-2883c75763b5}</UniqueIdentifier>
    </Filter>
    <Filter Include="Source Files\Manager">
      <UniqueIdentifier>{b6c38813-73a4-4d6d-adfc-2af536aae4ca}</UniqueIdentifier>
    </Filter>
    <Filter Include="Source Files\Handler">
      <UniqueIdentifier>{6ae8d5cd-52cd-412e-a5c2-8966498bd92c}</UniqueIdentifier>
    </Filter>
    <Filter Include="Header Files\Handler">
      <UniqueIdentifier>{d389b093-dfba-42aa-a3a1-54c4cf0bfcb4}</UniqueIdentifier>
    </Filter>
    <Filter Include="Header Files\Manager">
      <UniqueIdentifier>{836ddf75-7815-4961-9180-3fa5af93b67f}</UniqueIdentifier>
    </Filter>
  </ItemGroup>
  <ItemGroup>
    <ClCompile Include="Main.cpp">
      <Filter>Source Files</Filter>
    </ClCompile>
    <ClCompile Include="PrecompiledHeader.cpp">
      <Filter>Header Files\Header</Filter>
    </ClCompile>
    <ClCompile Include="GameHandler.cpp">
      <Filter>Source Files\Handler</Filter>
    </ClCompile>
    <ClCompile Include="GameManager.cpp">
      <Filter>Source Files\Manager</Filter>
    </ClCompile>
  </ItemGroup>
  <ItemGroup>
    <ClInclude Include="Main.h">
      <Filter>Header Files</Filter>
    </ClInclude>
    <ClInclude Include="PrecompiledHeader.h">
      <Filter>Header Files\Header</Filter>
    </ClInclude>
    <ClInclude Include="globals.h">
      <Filter>Header Files\Header</Filter>
    </ClInclude>
    <ClInclude Include="GameHandler.h">
      <Filter>Header Files\Handler</Filter>
    </ClInclude>
    <ClInclude Include="GameManager.h">
      <Filter>Header Files\Manager</Filter>
    </ClInclude>
  </ItemGroup>
</Project>