<?xml version="1.0" encoding="utf-8"?>
<Project ToolsVersion="4.0" xmlns="http://schemas.microsoft.com/developer/msbuild/2003">
  <ItemGroup>
    <Filter Include="Source Files">
      <UniqueIdentifier>{4FC737F1-C7A5-4376-A066-2A32D752A2FF}</UniqueIdentifier>
      <Extensions>cpp;c;cc;cxx;def;odl;idl;hpj;bat;asm;asmx</Extensions>
    </Filter>
    <Filter Include="Header Files">
      <UniqueIdentifier>{93995380-89BD-4b04-88EB-625FBE52EBFB}</UniqueIdentifier>
      <Extensions>h;hh;hpp;hxx;hm;inl;inc;ipp;xsd</Extensions>
    </Filter>
    <Filter Include="Resource Files">
      <UniqueIdentifier>{67DA6AB6-F800-4c08-8B7A-83BB121AAD01}</UniqueIdentifier>
      <Extensions>rc;ico;cur;bmp;dlg;rc2;rct;bin;rgs;gif;jpg;jpeg;jpe;resx;tiff;tif;png;wav;mfcribbon-ms</Extensions>
    </Filter>
    <Filter Include="Header Files\Header">
      <UniqueIdentifier>{851fe52f-d8bd-49e3-8fb6-2883c75763b5}</UniqueIdentifier>
    </Filter>
    <Filter Include="Source Files\Manager">
      <UniqueIdentifier>{b6c38813-73a4-4d6d-adfc-2af536aae4ca}</UniqueIdentifier>
    </Filter>
    <Filter Include="Source Files\Handler">
      <UniqueIdentifier>{6ae8d5cd-52cd-412e-a5c2-8966498bd92c}</UniqueIdentifier>
    </Filter>
    <Filter Include="Header Files\Handler">
      <UniqueIdentifier>{d389b093-dfba-42aa-a3a1-54c4cf0bfcb4}</UniqueIdentifier>
    </Filter>
    <Filter Include="Header Files\Manager">
      <UniqueIdentifier>{836ddf75-7815-4961-9180-3fa5af93b67f}</UniqueIdentifier>
    </Filter>
    <Filter Include="Source Files\Core">
      <UniqueIdentifier>{58d2607f-3357-4931-87d4-b29118685e6f}</UniqueIdentifier>
    </Filter>
    <Filter Include="Header Files\Core">
      <UniqueIdentifier>{83bfb236-001b-4b7d-a874-0f8acc102685}</UniqueIdentifier>
    </Filter>
    <Filter Include="Source Files\Core\Screen">
      <UniqueIdentifier>{ad335a3c-995f-4537-a7fa-6eefc52aff23}</UniqueIdentifier>
    </Filter>
    <Filter Include="Header Files\Core\Screen">
      <UniqueIdentifier>{9b751102-b904-4d4f-8eb0-525a1176dcb8}</UniqueIdentifier>
    </Filter>
    <Filter Include="Source Files\Core\Screen\World">
      <UniqueIdentifier>{7db2e135-f424-414c-8be2-0e611d18b5b6}</UniqueIdentifier>
    </Filter>
    <Filter Include="Source Files\Core\Screen\Login">
      <UniqueIdentifier>{3b93d777-8dfe-43ae-a1f9-5b3f39c4f83a}</UniqueIdentifier>
    </Filter>
    <Filter Include="Source Files\Core\Screen\Character">
      <UniqueIdentifier>{371df184-e7cd-4456-b7fe-a33662542e04}</UniqueIdentifier>
    </Filter>
    <Filter Include="Source Files\Core\Screen\Test">
      <UniqueIdentifier>{1cedcc99-28ac-4947-a911-270801dd99dc}</UniqueIdentifier>
    </Filter>
    <Filter Include="Header Files\Core\Screen\Login">
      <UniqueIdentifier>{19c8dc7f-470e-4566-b148-3c49363353df}</UniqueIdentifier>
    </Filter>
    <Filter Include="Header Files\Core\Screen\Character">
      <UniqueIdentifier>{b69683bb-6009-4b2b-8f27-bff5239c9877}</UniqueIdentifier>
    </Filter>
    <Filter Include="Header Files\Core\Screen\Test">
      <UniqueIdentifier>{a04921da-5bbb-48c5-b481-57593b4941dc}</UniqueIdentifier>
    </Filter>
    <Filter Include="Header Files\Core\Screen\World">
      <UniqueIdentifier>{59be9d75-9f23-4942-895a-dfd871c7f07d}</UniqueIdentifier>
    </Filter>
    <Filter Include="Source Files\Manager\Screen">
      <UniqueIdentifier>{505655b1-5922-42ec-b9c0-5b12a52959fd}</UniqueIdentifier>
    </Filter>
    <Filter Include="Header Files\Manager\Screen">
      <UniqueIdentifier>{13e8865c-6fcd-49f4-ab8f-95e0f693cbd2}</UniqueIdentifier>
    </Filter>
    <Filter Include="Source Files\Manager\Camera">
      <UniqueIdentifier>{0e59569c-74fc-48ed-9996-ad112ab6f44a}</UniqueIdentifier>
    </Filter>
    <Filter Include="Header Files\Manager\Camera">
      <UniqueIdentifier>{8281a7a1-b9ef-4277-9f31-fa2d6fe15e29}</UniqueIdentifier>
    </Filter>
    <Filter Include="Source Files\Handler\Login">
      <UniqueIdentifier>{bc4c47a1-d8c9-4bfc-ba29-bed61edb5cad}</UniqueIdentifier>
    </Filter>
    <Filter Include="Header Files\Handler\Login">
      <UniqueIdentifier>{9d7ed320-35f5-40f3-bd09-9bd2730ca1a4}</UniqueIdentifier>
    </Filter>
    <Filter Include="Header Files\Handler\Network">
      <UniqueIdentifier>{cf980c6f-90e1-41ba-b3a9-d08bc3c563d2}</UniqueIdentifier>
    </Filter>
    <Filter Include="Source Files\Handler\Network">
      <UniqueIdentifier>{34ff118b-37b6-4a7f-9f42-f88b6b2624f4}</UniqueIdentifier>
    </Filter>
  </ItemGroup>
  <ItemGroup>
    <ClCompile Include="Main.cpp">
      <Filter>Source Files</Filter>
    </ClCompile>
    <ClCompile Include="PrecompiledHeader.cpp">
      <Filter>Header Files\Header</Filter>
    </ClCompile>
    <ClCompile Include="GameHandler.cpp">
      <Filter>Source Files\Handler</Filter>
    </ClCompile>
    <ClCompile Include="GameManager.cpp">
      <Filter>Source Files\Manager</Filter>
    </ClCompile>
    <ClCompile Include="Screen.cpp">
      <Filter>Source Files\Core\Screen</Filter>
    </ClCompile>
    <ClCompile Include="TestScreen.cpp">
      <Filter>Source Files\Core\Screen\Test</Filter>
    </ClCompile>
    <ClCompile Include="CharacterScreen.cpp">
      <Filter>Source Files\Core\Screen\Character</Filter>
    </ClCompile>
    <ClCompile Include="LoginScreen.cpp">
      <Filter>Source Files\Core\Screen\Login</Filter>
    </ClCompile>
    <ClCompile Include="WorldScreen.cpp">
      <Filter>Source Files\Core\Screen\World</Filter>
    </ClCompile>
    <ClCompile Include="ScreenManager.cpp">
      <Filter>Source Files\Manager\Screen</Filter>
    </ClCompile>
    <ClCompile Include="CameraManager.cpp">
      <Filter>Source Files\Manager\Camera</Filter>
    </ClCompile>
    <ClCompile Include="LoginHandler.cpp">
      <Filter>Source Files\Handler\Login</Filter>
    </ClCompile>
    <ClCompile Include="NetworkHandler.cpp">
      <Filter>Source Files\Handler\Network</Filter>
    </ClCompile>
  </ItemGroup>
  <ItemGroup>
    <ClInclude Include="Main.h">
      <Filter>Header Files</Filter>
    </ClInclude>
    <ClInclude Include="PrecompiledHeader.h">
      <Filter>Header Files\Header</Filter>
    </ClInclude>
    <ClInclude Include="globals.h">
      <Filter>Header Files\Header</Filter>
    </ClInclude>
    <ClInclude Include="GameHandler.h">
      <Filter>Header Files\Handler</Filter>
    </ClInclude>
    <ClInclude Include="GameManager.h">
      <Filter>Header Files\Manager</Filter>
    </ClInclude>
    <ClInclude Include="Screen.h">
      <Filter>Header Files\Core\Screen</Filter>
    </ClInclude>
    <ClInclude Include="TestScreen.h">
      <Filter>Header Files\Core\Screen\Test</Filter>
    </ClInclude>
    <ClInclude Include="CharacterScreen.h">
      <Filter>Header Files\Core\Screen\Character</Filter>
    </ClInclude>
    <ClInclude Include="LoginScreen.h">
      <Filter>Header Files\Core\Screen\Login</Filter>
    </ClInclude>
    <ClInclude Include="WorldScreen.h">
      <Filter>Header Files\Core\Screen\World</Filter>
    </ClInclude>
    <ClInclude Include="ScreenManager.h">
      <Filter>Header Files\Manager\Screen</Filter>
    </ClInclude>
    <ClInclude Include="CameraManager.h">
      <Filter>Header Files\Manager\Camera</Filter>
    </ClInclude>
    <ClInclude Include="LoginHandler.h">
      <Filter>Header Files\Handler\Login</Filter>
    </ClInclude>
    <ClInclude Include="NetworkHandler.h">
      <Filter>Header Files\Handler\Network</Filter>
    </ClInclude>
  </ItemGroup>
</Project>