<?xml version="1.0" encoding="utf-8"?>
<Project ToolsVersion="4.0" xmlns="http://schemas.microsoft.com/developer/msbuild/2003">
  <ItemGroup>
    <Filter Include="Source Files">
      <UniqueIdentifier>{4FC737F1-C7A5-4376-A066-2A32D752A2FF}</UniqueIdentifier>
      <Extensions>cpp;c;cc;cxx;def;odl;idl;hpj;bat;asm;asmx</Extensions>
    </Filter>
    <Filter Include="Header Files">
      <UniqueIdentifier>{93995380-89BD-4b04-88EB-625FBE52EBFB}</UniqueIdentifier>
      <Extensions>h;hh;hpp;hxx;hm;inl;inc;ipp;xsd</Extensions>
    </Filter>
    <Filter Include="Resource Files">
      <UniqueIdentifier>{67DA6AB6-F800-4c08-8B7A-83BB121AAD01}</UniqueIdentifier>
      <Extensions>rc;ico;cur;bmp;dlg;rc2;rct;bin;rgs;gif;jpg;jpeg;jpe;resx;tiff;tif;png;wav;mfcribbon-ms</Extensions>
    </Filter>
    <Filter Include="Header Files\Header">
      <UniqueIdentifier>{e532cf59-5d28-4356-ae63-b6baebf41577}</UniqueIdentifier>
    </Filter>
    <Filter Include="Header Files\Network">
      <UniqueIdentifier>{e6315202-9c98-4f25-82bf-e8c072485395}</UniqueIdentifier>
    </Filter>
    <Filter Include="Source Files\Network">
      <UniqueIdentifier>{ac441bdb-7005-41c0-b229-01eea8489a32}</UniqueIdentifier>
    </Filter>
    <Filter Include="Source Files\Core">
      <UniqueIdentifier>{c7531feb-8e4f-4581-8574-7f49705d2d34}</UniqueIdentifier>
    </Filter>
    <Filter Include="Header Files\Core">
      <UniqueIdentifier>{258adebf-fe76-4945-8512-83debb7d2769}</UniqueIdentifier>
    </Filter>
    <Filter Include="Source Files\Core\User">
      <UniqueIdentifier>{f0f94938-9bc6-4316-8b9c-a15f3bb882df}</UniqueIdentifier>
    </Filter>
    <Filter Include="Header Files\Core\User">
      <UniqueIdentifier>{2a00d2bc-1d02-4b40-b67d-d9439f0d1339}</UniqueIdentifier>
    </Filter>
    <Filter Include="Header Files\Interface">
      <UniqueIdentifier>{aae903dc-4fca-484b-a358-3687e05e1e6b}</UniqueIdentifier>
    </Filter>
    <Filter Include="Header Files\Definitions">
      <UniqueIdentifier>{6827d99a-a302-4275-9f24-36be0a146a3f}</UniqueIdentifier>
    </Filter>
    <Filter Include="Source Files\Definitions">
      <UniqueIdentifier>{1e5dcadd-6dcd-4292-9bc2-1c37451280cf}</UniqueIdentifier>
    </Filter>
    <Filter Include="Header Files\Core\Character">
      <UniqueIdentifier>{be04209d-1539-49d0-9aa4-1c0ced5a4dca}</UniqueIdentifier>
    </Filter>
    <Filter Include="Source Files\Core\Character">
      <UniqueIdentifier>{a5b5d978-651a-4929-aa55-a80d60494d88}</UniqueIdentifier>
    </Filter>
    <Filter Include="Source Files\Core\Entity">
      <UniqueIdentifier>{5efea1ba-08e4-4dcc-ab08-c341549a23bf}</UniqueIdentifier>
    </Filter>
    <Filter Include="Header Files\Core\Entity">
      <UniqueIdentifier>{0e9437d9-ec33-45b9-8fd4-17f5947433ee}</UniqueIdentifier>
    </Filter>
    <Filter Include="Header Files\Map">
      <UniqueIdentifier>{8e00fcb6-16d2-4b3a-84d5-a2926df8c4af}</UniqueIdentifier>
    </Filter>
    <Filter Include="Source Files\Map">
      <UniqueIdentifier>{fdb0d04c-88e0-4ccf-adc6-af623bef847a}</UniqueIdentifier>
    </Filter>
    <Filter Include="Source Files\Core\Animation">
      <UniqueIdentifier>{38134bcb-fee7-44a4-a66b-a0a6b43f5a8f}</UniqueIdentifier>
    </Filter>
    <Filter Include="Header Files\Core\Animation">
      <UniqueIdentifier>{d231f711-37eb-4ebe-87ef-34c7d03a86fd}</UniqueIdentifier>
    </Filter>
  </ItemGroup>
  <ItemGroup>
    <ClCompile Include="PrecompiledHeader.cpp">
      <Filter>Header Files\Header</Filter>
    </ClCompile>
    <ClCompile Include="User.cpp">
      <Filter>Source Files\Core\User</Filter>
    </ClCompile>
    <ClCompile Include="MessageDef.cpp">
      <Filter>Source Files\Network</Filter>
    </ClCompile>
    <ClCompile Include="MessageHandler.cpp">
      <Filter>Source Files\Network</Filter>
    </ClCompile>
    <ClCompile Include="LoginDef.cpp">
      <Filter>Source Files\Definitions</Filter>
    </ClCompile>
    <ClCompile Include="Character.cpp">
      <Filter>Source Files\Core\Character</Filter>
    </ClCompile>
    <ClCompile Include="Entity.cpp">
      <Filter>Source Files\Core\Entity</Filter>
    </ClCompile>
    <ClCompile Include="MapDef.cpp">
      <Filter>Source Files\Map</Filter>
    </ClCompile>
    <ClCompile Include="Animation.cpp">
      <Filter>Source Files\Core\Animation</Filter>
    </ClCompile>
    <ClCompile Include="EntityCollision.cpp">
      <Filter>Source Files\Core\Entity</Filter>
    </ClCompile>
    <ClCompile Include="EntityNavigation.cpp">
      <Filter>Source Files\Core\Entity</Filter>
    </ClCompile>
  </ItemGroup>
  <ItemGroup>
    <ClInclude Include="PrecompiledHeader.h">
      <Filter>Header Files\Header</Filter>
    </ClInclude>
    <ClInclude Include="User.h">
      <Filter>Header Files\Core\User</Filter>
    </ClInclude>
    <ClInclude Include="IShared.h">
      <Filter>Header Files</Filter>
    </ClInclude>
    <ClInclude Include="MessageDef.h">
      <Filter>Header Files\Network</Filter>
    </ClInclude>
    <ClInclude Include="HandlerImpl.h">
      <Filter>Header Files\Interface</Filter>
    </ClInclude>
    <ClInclude Include="ManagerImpl.h">
      <Filter>Header Files\Interface</Filter>
    </ClInclude>
    <ClInclude Include="MessageHandler.h">
      <Filter>Header Files\Network</Filter>
    </ClInclude>
    <ClInclude Include="LoginDef.h">
      <Filter>Header Files\Definitions</Filter>
    </ClInclude>
    <ClInclude Include="Character.h">
      <Filter>Header Files\Core\Character</Filter>
    </ClInclude>
    <ClInclude Include="Entity.h">
      <Filter>Header Files\Core\Entity</Filter>
    </ClInclude>
    <ClInclude Include="MapDef.h">
      <Filter>Header Files\Map</Filter>
    </ClInclude>
    <ClInclude Include="Animation.h">
      <Filter>Header Files\Core\Animation</Filter>
    </ClInclude>
    <ClInclude Include="EntityCollision.h">
      <Filter>Header Files\Core\Entity</Filter>
    </ClInclude>
    <ClInclude Include="EntityNavigation.h">
      <Filter>Header Files\Core\Entity</Filter>
    </ClInclude>
  </ItemGroup>
</Project>