<?xml version="1.0" encoding="utf-8"?>
<Project ToolsVersion="4.0" xmlns="http://schemas.microsoft.com/developer/msbuild/2003">
  <ItemGroup>
    <Filter Include="Source Files">
      <UniqueIdentifier>{4FC737F1-C7A5-4376-A066-2A32D752A2FF}</UniqueIdentifier>
      <Extensions>cpp;c;cc;cxx;def;odl;idl;hpj;bat;asm;asmx</Extensions>
    </Filter>
    <Filter Include="Header Files">
      <UniqueIdentifier>{93995380-89BD-4b04-88EB-625FBE52EBFB}</UniqueIdentifier>
      <Extensions>h;hh;hpp;hxx;hm;inl;inc;ipp;xsd</Extensions>
    </Filter>
    <Filter Include="Resource Files">
      <UniqueIdentifier>{67DA6AB6-F800-4c08-8B7A-83BB121AAD01}</UniqueIdentifier>
      <Extensions>rc;ico;cur;bmp;dlg;rc2;rct;bin;rgs;gif;jpg;jpeg;jpe;resx;tiff;tif;png;wav;mfcribbon-ms</Extensions>
    </Filter>
    <Filter Include="Header Files\Header">
      <UniqueIdentifier>{e532cf59-5d28-4356-ae63-b6baebf41577}</UniqueIdentifier>
    </Filter>
    <Filter Include="Header Files\Network">
      <UniqueIdentifier>{e6315202-9c98-4f25-82bf-e8c072485395}</UniqueIdentifier>
    </Filter>
    <Filter Include="Source Files\Network">
      <UniqueIdentifier>{ac441bdb-7005-41c0-b229-01eea8489a32}</UniqueIdentifier>
    </Filter>
    <Filter Include="Source Files\Core">
      <UniqueIdentifier>{c7531feb-8e4f-4581-8574-7f49705d2d34}</UniqueIdentifier>
    </Filter>
    <Filter Include="Header Files\Core">
      <UniqueIdentifier>{258adebf-fe76-4945-8512-83debb7d2769}</UniqueIdentifier>
    </Filter>
    <Filter Include="Source Files\Core\User">
      <UniqueIdentifier>{f0f94938-9bc6-4316-8b9c-a15f3bb882df}</UniqueIdentifier>
    </Filter>
    <Filter Include="Header Files\Core\User">
      <UniqueIdentifier>{2a00d2bc-1d02-4b40-b67d-d9439f0d1339}</UniqueIdentifier>
    </Filter>
    <Filter Include="Header Files\Interface">
      <UniqueIdentifier>{aae903dc-4fca-484b-a358-3687e05e1e6b}</UniqueIdentifier>
    </Filter>
    <Filter Include="Header Files\Definitions">
      <UniqueIdentifier>{6827d99a-a302-4275-9f24-36be0a146a3f}</UniqueIdentifier>
    </Filter>
    <Filter Include="Source Files\Definitions">
      <UniqueIdentifier>{1e5dcadd-6dcd-4292-9bc2-1c37451280cf}</UniqueIdentifier>
    </Filter>
  </ItemGroup>
  <ItemGroup>
    <ClCompile Include="PrecompiledHeader.cpp">
      <Filter>Header Files\Header</Filter>
    </ClCompile>
    <ClCompile Include="User.cpp">
      <Filter>Source Files\Core\User</Filter>
    </ClCompile>
    <ClCompile Include="MessageDef.cpp">
      <Filter>Source Files\Network</Filter>
    </ClCompile>
    <ClCompile Include="MessageHandler.cpp">
      <Filter>Source Files\Network</Filter>
    </ClCompile>
    <ClCompile Include="LoginDef.cpp">
      <Filter>Source Files\Definitions</Filter>
    </ClCompile>
  </ItemGroup>
  <ItemGroup>
    <ClInclude Include="PrecompiledHeader.h">
      <Filter>Header Files\Header</Filter>
    </ClInclude>
    <ClInclude Include="User.h">
      <Filter>Header Files\Core\User</Filter>
    </ClInclude>
    <ClInclude Include="IShared.h">
      <Filter>Header Files</Filter>
    </ClInclude>
    <ClInclude Include="MessageDef.h">
      <Filter>Header Files\Network</Filter>
    </ClInclude>
    <ClInclude Include="HandlerImpl.h">
      <Filter>Header Files\Interface</Filter>
    </ClInclude>
    <ClInclude Include="ManagerImpl.h">
      <Filter>Header Files\Interface</Filter>
    </ClInclude>
    <ClInclude Include="MessageHandler.h">
      <Filter>Header Files\Network</Filter>
    </ClInclude>
    <ClInclude Include="LoginDef.h">
      <Filter>Header Files\Definitions</Filter>
    </ClInclude>
  </ItemGroup>
</Project>