<?xml version="1.0" encoding="utf-8"?>
<Project ToolsVersion="4.0" xmlns="http://schemas.microsoft.com/developer/msbuild/2003">
  <ItemGroup>
    <Filter Include="Source Files">
      <UniqueIdentifier>{4FC737F1-C7A5-4376-A066-2A32D752A2FF}</UniqueIdentifier>
      <Extensions>cpp;c;cc;cxx;def;odl;idl;hpj;bat;asm;asmx</Extensions>
    </Filter>
    <Filter Include="Header Files">
      <UniqueIdentifier>{93995380-89BD-4b04-88EB-625FBE52EBFB}</UniqueIdentifier>
      <Extensions>h;hh;hpp;hxx;hm;inl;inc;ipp;xsd</Extensions>
    </Filter>
    <Filter Include="Resource Files">
      <UniqueIdentifier>{67DA6AB6-F800-4c08-8B7A-83BB121AAD01}</UniqueIdentifier>
      <Extensions>rc;ico;cur;bmp;dlg;rc2;rct;bin;rgs;gif;jpg;jpeg;jpe;resx;tiff;tif;png;wav;mfcribbon-ms</Extensions>
    </Filter>
    <Filter Include="Header Files\Header">
      <UniqueIdentifier>{5ed3d5d2-21ff-4e15-abab-2722e1a927e5}</UniqueIdentifier>
    </Filter>
    <Filter Include="Source Files\Manager">
      <UniqueIdentifier>{2fdbf818-36a1-442f-b3a6-840d648895a3}</UniqueIdentifier>
    </Filter>
    <Filter Include="Source Files\Handler">
      <UniqueIdentifier>{78fed0d8-5499-475f-bde8-1d6394e23fd7}</UniqueIdentifier>
    </Filter>
    <Filter Include="Header Files\Manager">
      <UniqueIdentifier>{a6cdac1d-cf04-40f2-8bdb-3bf50cf3bd4d}</UniqueIdentifier>
    </Filter>
    <Filter Include="Header Files\Handler">
      <UniqueIdentifier>{333199f9-78a1-4dc3-8469-95f9bd635683}</UniqueIdentifier>
    </Filter>
    <Filter Include="Source Files\Handler\Network">
      <UniqueIdentifier>{fc94b165-25d1-4541-899b-edcded0e19ed}</UniqueIdentifier>
    </Filter>
    <Filter Include="Header Files\Handler\Network">
      <UniqueIdentifier>{1ae2df77-6761-45c8-98b7-9916bf84d823}</UniqueIdentifier>
    </Filter>
    <Filter Include="Source Files\Core">
      <UniqueIdentifier>{c4acae6f-9598-499f-952c-a487d8e4f2f1}</UniqueIdentifier>
    </Filter>
    <Filter Include="Header Files\Core">
      <UniqueIdentifier>{ff3188ed-c35b-4238-9f82-519465a1b357}</UniqueIdentifier>
    </Filter>
    <Filter Include="Header Files\Core\User">
      <UniqueIdentifier>{d82d2e59-165f-489f-b061-41d555f8746c}</UniqueIdentifier>
    </Filter>
    <Filter Include="Source Files\Core\User">
      <UniqueIdentifier>{667ef1ab-d905-4b49-b744-855d3698494c}</UniqueIdentifier>
    </Filter>
    <Filter Include="Source Files\Manager\User">
      <UniqueIdentifier>{c0cac2be-95b6-44da-af06-cc8ee18f9821}</UniqueIdentifier>
    </Filter>
    <Filter Include="Header Files\Manager\User">
      <UniqueIdentifier>{0764c388-08a2-4f62-b11d-ba6cf195e4af}</UniqueIdentifier>
    </Filter>
    <Filter Include="Source Files\Manager\Config">
      <UniqueIdentifier>{26652b13-e60e-4e70-8c09-561aa1e8144b}</UniqueIdentifier>
    </Filter>
    <Filter Include="Header Files\Manager\Config">
      <UniqueIdentifier>{9e28fb82-50bb-4627-b28a-80e592f56463}</UniqueIdentifier>
    </Filter>
    <Filter Include="Source Files\Manager\Map">
      <UniqueIdentifier>{6e669b0f-5127-4440-bbab-6e7a028fa1f5}</UniqueIdentifier>
    </Filter>
    <Filter Include="Header Files\Manager\Map">
      <UniqueIdentifier>{6e5db2a2-2a90-476f-add2-1dc565f47e78}</UniqueIdentifier>
    </Filter>
    <Filter Include="Source Files\Handler\User">
      <UniqueIdentifier>{78686817-4916-46e2-af99-83e55304c866}</UniqueIdentifier>
    </Filter>
    <Filter Include="Header Files\Handler\User">
      <UniqueIdentifier>{782e3335-608c-443a-b852-155464131758}</UniqueIdentifier>
    </Filter>
    <Filter Include="Source Files\Handler\Chat">
      <UniqueIdentifier>{4d122c6c-e098-4182-afbf-50a138e2f809}</UniqueIdentifier>
    </Filter>
    <Filter Include="Header Files\Handler\Chat">
      <UniqueIdentifier>{a00226a7-f176-45f3-b0cb-fe4e966e6727}</UniqueIdentifier>
    </Filter>
    <Filter Include="Source Files\Manager\Database">
      <UniqueIdentifier>{b0ffedd0-ddfc-4521-b57e-aec1cbbf0c4b}</UniqueIdentifier>
    </Filter>
    <Filter Include="Header Files\Manager\Database">
      <UniqueIdentifier>{df28a13f-ff5f-4d45-8a2d-f1505270d459}</UniqueIdentifier>
    </Filter>
  </ItemGroup>
  <ItemGroup>
    <ClCompile Include="PrecompiledHeader.cpp">
      <Filter>Header Files\Header</Filter>
    </ClCompile>
    <ClCompile Include="Server.cpp">
      <Filter>Source Files</Filter>
    </ClCompile>
    <ClCompile Include="ServerManager.cpp">
      <Filter>Source Files\Manager</Filter>
    </ClCompile>
    <ClCompile Include="ServerHandler.cpp">
      <Filter>Source Files\Handler</Filter>
    </ClCompile>
    <ClCompile Include="NetworkHandler.cpp">
      <Filter>Source Files\Handler\Network</Filter>
    </ClCompile>
    <ClCompile Include="User.cpp">
      <Filter>Source Files\Core\User</Filter>
    </ClCompile>
    <ClCompile Include="UserManager.cpp">
      <Filter>Source Files\Manager\User</Filter>
    </ClCompile>
    <ClCompile Include="ConfigManager.cpp">
      <Filter>Source Files\Manager\Config</Filter>
    </ClCompile>
    <ClCompile Include="MapManager.cpp">
      <Filter>Source Files\Manager\Map</Filter>
    </ClCompile>
    <ClCompile Include="UserHandler.cpp">
      <Filter>Source Files\Handler\User</Filter>
    </ClCompile>
    <ClCompile Include="ChatHandler.cpp">
      <Filter>Source Files\Handler\Chat</Filter>
    </ClCompile>
    <ClCompile Include="..\Dependencies\DatabaseConnection.cpp">
      <Filter>Source Files\Manager\Database</Filter>
    </ClCompile>
    <ClCompile Include="..\Dependencies\DatabaseManager.cpp">
      <Filter>Source Files\Manager\Database</Filter>
    </ClCompile>
  </ItemGroup>
  <ItemGroup>
    <ClInclude Include="PrecompiledHeader.h">
      <Filter>Header Files\Header</Filter>
    </ClInclude>
    <ClInclude Include="Server.h">
      <Filter>Header Files</Filter>
    </ClInclude>
    <ClInclude Include="ServerManager.h">
      <Filter>Header Files\Manager</Filter>
    </ClInclude>
    <ClInclude Include="globals.h">
      <Filter>Header Files\Header</Filter>
    </ClInclude>
    <ClInclude Include="ServerHandler.h">
      <Filter>Header Files\Handler</Filter>
    </ClInclude>
    <ClInclude Include="NetworkHandler.h">
      <Filter>Header Files\Handler\Network</Filter>
    </ClInclude>
    <ClInclude Include="User.h">
      <Filter>Header Files\Core\User</Filter>
    </ClInclude>
    <ClInclude Include="UserManager.h">
      <Filter>Header Files\Manager\User</Filter>
    </ClInclude>
    <ClInclude Include="ConfigManager.h">
      <Filter>Header Files\Manager\Config</Filter>
    </ClInclude>
    <ClInclude Include="MapManager.h">
      <Filter>Header Files\Manager\Map</Filter>
    </ClInclude>
    <ClInclude Include="UserHandler.h">
      <Filter>Header Files\Handler\User</Filter>
    </ClInclude>
    <ClInclude Include="ChatHandler.h">
      <Filter>Header Files\Handler\Chat</Filter>
    </ClInclude>
    <ClInclude Include="..\Dependencies\DatabaseConnection.h">
      <Filter>Header Files\Manager\Database</Filter>
    </ClInclude>
    <ClInclude Include="..\Dependencies\DatabaseManager.h">
      <Filter>Header Files\Manager\Database</Filter>
    </ClInclude>
  </ItemGroup>
  <ItemGroup>
    <Natvis Include="..\Urho3D.natvis" />
  </ItemGroup>
</Project>