
Microsoft Visual Studio Solution File, Format Version 12.00
# Visual Studio Version 16
VisualStudioVersion = 16.0.29306.81
MinimumVisualStudioVersion = 10.0.40219.1
Project("{8BC9CEB8-8B4A-11D0-8D11-00A0C91BC942}") = "Game", "Game\Game.vcxproj", "{3CD824A1-F817-4F3B-BE0C-3C275F32BC50}"
EndProject
Project("{8BC9CEB8-8B4A-11D0-8D11-00A0C91BC942}") = "Server", "Server\Server.vcxproj", "{F7D61C1E-D906-480E-805F-762CB7CC57A7}"
EndProject
Project("{8BC9CEB8-8B4A-11D0-8D11-00A0C91BC942}") = "Shared", "Shared\Shared.vcxproj", "{7B92853D-0C18-49C9-B40B-D5A5531BDE70}"
EndProject
Global
	GlobalSection(SolutionConfigurationPlatforms) = preSolution
		Debug|x64 = Debug|x64
		Debug|x86 = Debug|x86
		Release|x64 = Release|x64
		Release|x86 = Release|x86
	EndGlobalSection
	GlobalSection(ProjectConfigurationPlatforms) = postSolution
		{3CD824A1-F817-4F3B-BE0C-3C275F32BC50}.Debug|x64.ActiveCfg = Debug|x64
		{3CD824A1-F817-4F3B-BE0C-3C275F32BC50}.Debug|x64.Build.0 = Debug|x64
		{3CD824A1-F817-4F3B-BE0C-3C275F32BC50}.Debug|x86.ActiveCfg = Debug|Win32
		{3CD824A1-F817-4F3B-BE0C-3C275F32BC50}.Debug|x86.Build.0 = Debug|Win32
		{3CD824A1-F817-4F3B-BE0C-3C275F32BC50}.Release|x64.ActiveCfg = Release|x64
		{3CD824A1-F817-4F3B-BE0C-3C275F32BC50}.Release|x64.Build.0 = Release|x64
		{3CD824A1-F817-4F3B-BE0C-3C275F32BC50}.Release|x86.ActiveCfg = Release|Win32
		{3CD824A1-F817-4F3B-BE0C-3C275F32BC50}.Release|x86.Build.0 = Release|Win32
		{F7D61C1E-D906-480E-805F-762CB7CC57A7}.Debug|x64.ActiveCfg = Debug|x64
		{F7D61C1E-D906-480E-805F-762CB7CC57A7}.Debug|x64.Build.0 = Debug|x64
		{F7D61C1E-D906-480E-805F-762CB7CC57A7}.Debug|x86.ActiveCfg = Debug|Win32
		{F7D61C1E-D906-480E-805F-762CB7CC57A7}.Debug|x86.Build.0 = Debug|Win32
		{F7D61C1E-D906-480E-805F-762CB7CC57A7}.Release|x64.ActiveCfg = Release|x64
		{F7D61C1E-D906-480E-805F-762CB7CC57A7}.Release|x64.Build.0 = Release|x64
		{F7D61C1E-D906-480E-805F-762CB7CC57A7}.Release|x86.ActiveCfg = Release|Win32
		{F7D61C1E-D906-480E-805F-762CB7CC57A7}.Release|x86.Build.0 = Release|Win32
		{7B92853D-0C18-49C9-B40B-D5A5531BDE70}.Debug|x64.ActiveCfg = Debug|x64
		{7B92853D-0C18-49C9-B40B-D5A5531BDE70}.Debug|x64.Build.0 = Debug|x64
		{7B92853D-0C18-49C9-B40B-D5A5531BDE70}.Debug|x86.ActiveCfg = Debug|Win32
		{7B92853D-0C18-49C9-B40B-D5A5531BDE70}.Debug|x86.Build.0 = Debug|Win32
		{7B92853D-0C18-49C9-B40B-D5A5531BDE70}.Release|x64.ActiveCfg = Release|x64
		{7B92853D-0C18-49C9-B40B-D5A5531BDE70}.Release|x64.Build.0 = Release|x64
		{7B92853D-0C18-49C9-B40B-D5A5531BDE70}.Release|x86.ActiveCfg = Release|Win32
		{7B92853D-0C18-49C9-B40B-D5A5531BDE70}.Release|x86.Build.0 = Release|Win32
	EndGlobalSection
	GlobalSection(SolutionProperties) = preSolution
		HideSolutionNode = FALSE
	EndGlobalSection
	GlobalSection(ExtensibilityGlobals) = postSolution
		SolutionGuid = {462747B4-CCB9-4BBE-BC45-1A01D72FCC54}
	EndGlobalSection
EndGlobal
