<?xml version="1.0" encoding="utf-8"?>
<Project ToolsVersion="4.0" xmlns="http://schemas.microsoft.com/developer/msbuild/2003">
  <ItemGroup>
    <Filter Include="Source Files">
      <UniqueIdentifier>{4FC737F1-C7A5-4376-A066-2A32D752A2FF}</UniqueIdentifier>
      <Extensions>cpp;c;cc;cxx;def;odl;idl;hpj;bat;asm;asmx</Extensions>
    </Filter>
    <Filter Include="Header Files">
      <UniqueIdentifier>{93995380-89BD-4b04-88EB-625FBE52EBFB}</UniqueIdentifier>
      <Extensions>h;hh;hpp;hxx;hm;inl;inc;ipp;xsd</Extensions>
    </Filter>
    <Filter Include="Resource Files">
      <UniqueIdentifier>{67DA6AB6-F800-4c08-8B7A-83BB121AAD01}</UniqueIdentifier>
      <Extensions>rc;ico;cur;bmp;dlg;rc2;rct;bin;rgs;gif;jpg;jpeg;jpe;resx;tiff;tif;png;wav;mfcribbon-ms</Extensions>
    </Filter>
    <Filter Include="Header Files\Header">
      <UniqueIdentifier>{e532cf59-5d28-4356-ae63-b6baebf41577}</UniqueIdentifier>
    </Filter>
    <Filter Include="Source Files\Handler">
      <UniqueIdentifier>{eb2341dc-61e2-4ecc-98f4-744d8e5e903b}</UniqueIdentifier>
    </Filter>
    <Filter Include="Header Files\Handler">
      <UniqueIdentifier>{f1072235-bd39-4ad5-94fd-6be098278603}</UniqueIdentifier>
    </Filter>
    <Filter Include="Header Files\Network">
      <UniqueIdentifier>{61fd97b6-c9c7-4093-86e1-0f7bda7445e4}</UniqueIdentifier>
    </Filter>
  </ItemGroup>
  <ItemGroup>
    <ClCompile Include="PrecompiledHeader.cpp">
      <Filter>Header Files\Header</Filter>
    </ClCompile>
    <ClCompile Include="Server.cpp">
      <Filter>Source Files</Filter>
    </ClCompile>
    <ClCompile Include="MessageHandler.cpp">
      <Filter>Source Files\Handler</Filter>
    </ClCompile>
  </ItemGroup>
  <ItemGroup>
    <ClInclude Include="PrecompiledHeader.h">
      <Filter>Header Files\Header</Filter>
    </ClInclude>
    <ClInclude Include="INetServer.h">
      <Filter>Header Files</Filter>
    </ClInclude>
    <ClInclude Include="Server.h">
      <Filter>Header Files</Filter>
    </ClInclude>
    <ClInclude Include="MessageHandler.h">
      <Filter>Header Files\Handler</Filter>
    </ClInclude>
    <ClInclude Include="MessageDef.h">
      <Filter>Header Files\Network</Filter>
    </ClInclude>
  </ItemGroup>
</Project>